
Microsoft Visual Studio Solution File, Format Version 12.00
# Visual Studio Version 16
VisualStudioVersion = 16.0.31129.286
MinimumVisualStudioVersion = 10.0.40219.1
Project("{9A19103F-16F7-4668-BE54-9A1E7A4F7556}") = "PremiumCalculatorService", "PremiumCalculatorService\PremiumCalculatorService.csproj", "{92B799B4-669F-46BE-BDA5-E856C076EBF2}"
EndProject
Project("{9A19103F-16F7-4668-BE54-9A1E7A4F7556}") = "PremiumCalculatorApi", "PremiumCalculatorApi\PremiumCalculatorApi.csproj", "{22AB73EF-648F-4A56-B7B9-4E117A22F863}"
EndProject
Project("{9A19103F-16F7-4668-BE54-9A1E7A4F7556}") = "PremiumCalculatorCore", "PremiumCalculatorCore\PremiumCalculatorCore.csproj", "{99AB9FEC-DA24-45B6-B30E-82B27BF12FFB}"
EndProject
Project("{9A19103F-16F7-4668-BE54-9A1E7A4F7556}") = "PremiumCalculatorWeb", "PremiumCalculatorWeb\PremiumCalculatorWeb.csproj", "{FEFD74F4-1088-4A5A-864C-FC1B695A5E81}"
EndProject
Project("{FAE04EC0-301F-11D3-BF4B-00C04F79EFBC}") = "PremiumCalculatorTest", "PremiumCalculatorTest\PremiumCalculatorTest.csproj", "{D1EA34C2-7510-4724-B48E-E82FFE4E612D}"
EndProject
Global
	GlobalSection(SolutionConfigurationPlatforms) = preSolution
		Debug|Any CPU = Debug|Any CPU
		Release|Any CPU = Release|Any CPU
	EndGlobalSection
	GlobalSection(ProjectConfigurationPlatforms) = postSolution
		{92B799B4-669F-46BE-BDA5-E856C076EBF2}.Debug|Any CPU.ActiveCfg = Debug|Any CPU
		{92B799B4-669F-46BE-BDA5-E856C076EBF2}.Debug|Any CPU.Build.0 = Debug|Any CPU
		{92B799B4-669F-46BE-BDA5-E856C076EBF2}.Release|Any CPU.ActiveCfg = Release|Any CPU
		{92B799B4-669F-46BE-BDA5-E856C076EBF2}.Release|Any CPU.Build.0 = Release|Any CPU
		{22AB73EF-648F-4A56-B7B9-4E117A22F863}.Debug|Any CPU.ActiveCfg = Debug|Any CPU
		{22AB73EF-648F-4A56-B7B9-4E117A22F863}.Debug|Any CPU.Build.0 = Debug|Any CPU
		{22AB73EF-648F-4A56-B7B9-4E117A22F863}.Release|Any CPU.ActiveCfg = Release|Any CPU
		{22AB73EF-648F-4A56-B7B9-4E117A22F863}.Release|Any CPU.Build.0 = Release|Any CPU
		{99AB9FEC-DA24-45B6-B30E-82B27BF12FFB}.Debug|Any CPU.ActiveCfg = Debug|Any CPU
		{99AB9FEC-DA24-45B6-B30E-82B27BF12FFB}.Debug|Any CPU.Build.0 = Debug|Any CPU
		{99AB9FEC-DA24-45B6-B30E-82B27BF12FFB}.Release|Any CPU.ActiveCfg = Release|Any CPU
		{99AB9FEC-DA24-45B6-B30E-82B27BF12FFB}.Release|Any CPU.Build.0 = Release|Any CPU
		{FEFD74F4-1088-4A5A-864C-FC1B695A5E81}.Debug|Any CPU.ActiveCfg = Debug|Any CPU
		{FEFD74F4-1088-4A5A-864C-FC1B695A5E81}.Debug|Any CPU.Build.0 = Debug|Any CPU
		{FEFD74F4-1088-4A5A-864C-FC1B695A5E81}.Release|Any CPU.ActiveCfg = Release|Any CPU
		{FEFD74F4-1088-4A5A-864C-FC1B695A5E81}.Release|Any CPU.Build.0 = Release|Any CPU
		{D1EA34C2-7510-4724-B48E-E82FFE4E612D}.Debug|Any CPU.ActiveCfg = Debug|Any CPU
		{D1EA34C2-7510-4724-B48E-E82FFE4E612D}.Debug|Any CPU.Build.0 = Debug|Any CPU
		{D1EA34C2-7510-4724-B48E-E82FFE4E612D}.Release|Any CPU.ActiveCfg = Release|Any CPU
		{D1EA34C2-7510-4724-B48E-E82FFE4E612D}.Release|Any CPU.Build.0 = Release|Any CPU
	EndGlobalSection
	GlobalSection(SolutionProperties) = preSolution
		HideSolutionNode = FALSE
	EndGlobalSection
	GlobalSection(ExtensibilityGlobals) = postSolution
		SolutionGuid = {4B810CD9-5263-4AD5-919A-BDF0DA45148B}
	EndGlobalSection
EndGlobal
